// !$*UTF8*$!
{
	archiveVersion = 1;
	classes = {
	};
	objectVersion = 46;
	objects = {

/* Begin PBXBuildFile section */
		8312C76914FA5F8B0033F238 /* icon_border_bold_dark.png in Resources */ = {isa = PBXBuildFile; fileRef = 8312C76714FA5F8B0033F238 /* icon_border_bold_dark.png */; };
		8312C76A14FA5F8B0033F238 /* icon_border_bold_light.png in Resources */ = {isa = PBXBuildFile; fileRef = 8312C76814FA5F8B0033F238 /* icon_border_bold_light.png */; };
		8312E65414F97A8300D5E279 /* HMLauncherData.m in Sources */ = {isa = PBXBuildFile; fileRef = 8312E65314F97A8300D5E279 /* HMLauncherData.m */; };
		8312E65814F97EF900D5E279 /* LauncherService.m in Sources */ = {isa = PBXBuildFile; fileRef = 8312E65714F97EF900D5E279 /* LauncherService.m */; };
		8312E65B14F9849000D5E279 /* HMLauncherItem.m in Sources */ = {isa = PBXBuildFile; fileRef = 8312E65A14F9849000D5E279 /* HMLauncherItem.m */; };
		8312E66114F985E900D5E279 /* LauncherViewController.m in Sources */ = {isa = PBXBuildFile; fileRef = 8312E66014F985E900D5E279 /* LauncherViewController.m */; };
		8312E66D14F98C3000D5E279 /* LauncherParentView.m in Sources */ = {isa = PBXBuildFile; fileRef = 8312E66C14F98C3000D5E279 /* LauncherParentView.m */; };
		831897CD14FC3511000DA04E /* a.png in Resources */ = {isa = PBXBuildFile; fileRef = 831897C014FC3511000DA04E /* a.png */; };
		831897CE14FC3511000DA04E /* b.png in Resources */ = {isa = PBXBuildFile; fileRef = 831897C114FC3511000DA04E /* b.png */; };
		831897CF14FC3511000DA04E /* c.png in Resources */ = {isa = PBXBuildFile; fileRef = 831897C214FC3511000DA04E /* c.png */; };
		831897D014FC3511000DA04E /* d.png in Resources */ = {isa = PBXBuildFile; fileRef = 831897C314FC3511000DA04E /* d.png */; };
		831897D114FC3511000DA04E /* e.png in Resources */ = {isa = PBXBuildFile; fileRef = 831897C414FC3511000DA04E /* e.png */; };
		831897D214FC3511000DA04E /* f.png in Resources */ = {isa = PBXBuildFile; fileRef = 831897C514FC3511000DA04E /* f.png */; };
		831897D314FC3511000DA04E /* g.png in Resources */ = {isa = PBXBuildFile; fileRef = 831897C614FC3511000DA04E /* g.png */; };
		831897D414FC3511000DA04E /* h.png in Resources */ = {isa = PBXBuildFile; fileRef = 831897C714FC3511000DA04E /* h.png */; };
		831897D514FC3511000DA04E /* i.png in Resources */ = {isa = PBXBuildFile; fileRef = 831897C814FC3511000DA04E /* i.png */; };
		831897D614FC3511000DA04E /* j.png in Resources */ = {isa = PBXBuildFile; fileRef = 831897C914FC3511000DA04E /* j.png */; };
		831897D714FC3511000DA04E /* k.png in Resources */ = {isa = PBXBuildFile; fileRef = 831897CA14FC3511000DA04E /* k.png */; };
		831897D814FC3511000DA04E /* l.png in Resources */ = {isa = PBXBuildFile; fileRef = 831897CB14FC3511000DA04E /* l.png */; };
		831897D914FC3511000DA04E /* m.png in Resources */ = {isa = PBXBuildFile; fileRef = 831897CC14FC3511000DA04E /* m.png */; };
		831897E614FC381F000DA04E /* SenTestingKit.framework in Frameworks */ = {isa = PBXBuildFile; fileRef = 831897E514FC381F000DA04E /* SenTestingKit.framework */; };
		831897E714FC381F000DA04E /* UIKit.framework in Frameworks */ = {isa = PBXBuildFile; fileRef = 83D409FE14574C61004CEDE0 /* UIKit.framework */; };
		831897E814FC381F000DA04E /* Foundation.framework in Frameworks */ = {isa = PBXBuildFile; fileRef = 83D40A0014574C61004CEDE0 /* Foundation.framework */; };
		831897EE14FC381F000DA04E /* InfoPlist.strings in Resources */ = {isa = PBXBuildFile; fileRef = 831897EC14FC381F000DA04E /* InfoPlist.strings */; };
		831AE2B714FABE9E00AF2AAE /* 1.png in Resources */ = {isa = PBXBuildFile; fileRef = 831AE2AE14FABE9E00AF2AAE /* 1.png */; };
		831AE2B814FABE9E00AF2AAE /* 2.png in Resources */ = {isa = PBXBuildFile; fileRef = 831AE2AF14FABE9E00AF2AAE /* 2.png */; };
		831AE2B914FABE9E00AF2AAE /* 3.png in Resources */ = {isa = PBXBuildFile; fileRef = 831AE2B014FABE9E00AF2AAE /* 3.png */; };
		831AE2BA14FABE9E00AF2AAE /* 4.png in Resources */ = {isa = PBXBuildFile; fileRef = 831AE2B114FABE9E00AF2AAE /* 4.png */; };
		831AE2BB14FABE9E00AF2AAE /* 5.png in Resources */ = {isa = PBXBuildFile; fileRef = 831AE2B214FABE9E00AF2AAE /* 5.png */; };
		831AE2BC14FABE9E00AF2AAE /* 6.png in Resources */ = {isa = PBXBuildFile; fileRef = 831AE2B314FABE9E00AF2AAE /* 6.png */; };
		831AE2BD14FABE9E00AF2AAE /* 7.png in Resources */ = {isa = PBXBuildFile; fileRef = 831AE2B414FABE9E00AF2AAE /* 7.png */; };
		831AE2BE14FABE9E00AF2AAE /* 8.png in Resources */ = {isa = PBXBuildFile; fileRef = 831AE2B514FABE9E00AF2AAE /* 8.png */; };
		831AE2BF14FABE9E00AF2AAE /* 9.png in Resources */ = {isa = PBXBuildFile; fileRef = 831AE2B614FABE9E00AF2AAE /* 9.png */; };
		831AE2C514FADADA00AF2AAE /* 10.png in Resources */ = {isa = PBXBuildFile; fileRef = 831AE2C414FADADA00AF2AAE /* 10.png */; };
		831AE2DA14FAE0B100AF2AAE /* 11.png in Resources */ = {isa = PBXBuildFile; fileRef = 831AE2D614FAE0B100AF2AAE /* 11.png */; };
		831AE2DB14FAE0B100AF2AAE /* 12.png in Resources */ = {isa = PBXBuildFile; fileRef = 831AE2D714FAE0B100AF2AAE /* 12.png */; };
		831AE2DC14FAE0B100AF2AAE /* 13.png in Resources */ = {isa = PBXBuildFile; fileRef = 831AE2D814FAE0B100AF2AAE /* 13.png */; };
		831AE2DD14FAE0B100AF2AAE /* 14.png in Resources */ = {isa = PBXBuildFile; fileRef = 831AE2D914FAE0B100AF2AAE /* 14.png */; };
		8370B4C114FC3D2D006AAFAC /* HMLauncherIcon.m in Sources */ = {isa = PBXBuildFile; fileRef = 83D40A2014574EE9004CEDE0 /* HMLauncherIcon.m */; };
		8370B4C214FC3D2D006AAFAC /* HMLauncherView.m in Sources */ = {isa = PBXBuildFile; fileRef = 83D40A1C14574D96004CEDE0 /* HMLauncherView.m */; };
		8370B4C314FC3D2D006AAFAC /* HMLauncherData.m in Sources */ = {isa = PBXBuildFile; fileRef = 8312E65314F97A8300D5E279 /* HMLauncherData.m */; };
		8370B4C414FC3D2D006AAFAC /* HMLauncherItem.m in Sources */ = {isa = PBXBuildFile; fileRef = 8312E65A14F9849000D5E279 /* HMLauncherItem.m */; };
		8370B4C614FC3D3E006AAFAC /* CoreGraphics.framework in Frameworks */ = {isa = PBXBuildFile; fileRef = 83D40A0214574C61004CEDE0 /* CoreGraphics.framework */; };
		8370B4C714FC3DFD006AAFAC /* 1.png in Resources */ = {isa = PBXBuildFile; fileRef = 831AE2AE14FABE9E00AF2AAE /* 1.png */; };
		8370B4CB14FC4141006AAFAC /* HMLauncherDataTest.m in Sources */ = {isa = PBXBuildFile; fileRef = 8370B4C914FC4124006AAFAC /* HMLauncherDataTest.m */; };
		8370B4CE14FC450C006AAFAC /* icon_border_bold_dark.png in Resources */ = {isa = PBXBuildFile; fileRef = 8312C76714FA5F8B0033F238 /* icon_border_bold_dark.png */; };
		8370B4CF14FC450C006AAFAC /* icon_border_bold_light.png in Resources */ = {isa = PBXBuildFile; fileRef = 8312C76814FA5F8B0033F238 /* icon_border_bold_light.png */; };
		83D409FF14574C61004CEDE0 /* UIKit.framework in Frameworks */ = {isa = PBXBuildFile; fileRef = 83D409FE14574C61004CEDE0 /* UIKit.framework */; };
		83D40A0114574C61004CEDE0 /* Foundation.framework in Frameworks */ = {isa = PBXBuildFile; fileRef = 83D40A0014574C61004CEDE0 /* Foundation.framework */; };
		83D40A0314574C61004CEDE0 /* CoreGraphics.framework in Frameworks */ = {isa = PBXBuildFile; fileRef = 83D40A0214574C61004CEDE0 /* CoreGraphics.framework */; };
		83D40A0914574C61004CEDE0 /* InfoPlist.strings in Resources */ = {isa = PBXBuildFile; fileRef = 83D40A0714574C61004CEDE0 /* InfoPlist.strings */; };
		83D40A0B14574C61004CEDE0 /* main.m in Sources */ = {isa = PBXBuildFile; fileRef = 83D40A0A14574C61004CEDE0 /* main.m */; };
		83D40A0F14574C61004CEDE0 /* AppDelegate.m in Sources */ = {isa = PBXBuildFile; fileRef = 83D40A0E14574C61004CEDE0 /* AppDelegate.m */; };
		83D40A1D14574D96004CEDE0 /* HMLauncherView.m in Sources */ = {isa = PBXBuildFile; fileRef = 83D40A1C14574D96004CEDE0 /* HMLauncherView.m */; };
		83D40A2114574EE9004CEDE0 /* HMLauncherIcon.m in Sources */ = {isa = PBXBuildFile; fileRef = 83D40A2014574EE9004CEDE0 /* HMLauncherIcon.m */; };
/* End PBXBuildFile section */

/* Begin PBXContainerItemProxy section */
		8370B4CC14FC42AA006AAFAC /* PBXContainerItemProxy */ = {
			isa = PBXContainerItemProxy;
			containerPortal = 83D409F114574C61004CEDE0 /* Project object */;
			proxyType = 1;
			remoteGlobalIDString = 83D409F914574C61004CEDE0;
			remoteInfo = LauncherViewExample;
		};
/* End PBXContainerItemProxy section */

/* Begin PBXFileReference section */
		8312C76714FA5F8B0033F238 /* icon_border_bold_dark.png */ = {isa = PBXFileReference; lastKnownFileType = image.png; name = icon_border_bold_dark.png; path = LauncherViewExample/icon_border_bold_dark.png; sourceTree = "<group>"; };
		8312C76814FA5F8B0033F238 /* icon_border_bold_light.png */ = {isa = PBXFileReference; lastKnownFileType = image.png; name = icon_border_bold_light.png; path = LauncherViewExample/icon_border_bold_light.png; sourceTree = "<group>"; };
		8312E65014F9797B00D5E279 /* HMLauncherViewDelegate.h */ = {isa = PBXFileReference; fileEncoding = 4; lastKnownFileType = sourcecode.c.h; path = HMLauncherViewDelegate.h; sourceTree = "<group>"; };
		8312E65214F97A8300D5E279 /* HMLauncherData.h */ = {isa = PBXFileReference; fileEncoding = 4; lastKnownFileType = sourcecode.c.h; path = HMLauncherData.h; sourceTree = "<group>"; };
		8312E65314F97A8300D5E279 /* HMLauncherData.m */ = {isa = PBXFileReference; fileEncoding = 4; lastKnownFileType = sourcecode.c.objc; path = HMLauncherData.m; sourceTree = "<group>"; };
		8312E65614F97EF900D5E279 /* LauncherService.h */ = {isa = PBXFileReference; fileEncoding = 4; lastKnownFileType = sourcecode.c.h; path = LauncherService.h; sourceTree = "<group>"; };
		8312E65714F97EF900D5E279 /* LauncherService.m */ = {isa = PBXFileReference; fileEncoding = 4; lastKnownFileType = sourcecode.c.objc; path = LauncherService.m; sourceTree = "<group>"; };
		8312E65914F9849000D5E279 /* HMLauncherItem.h */ = {isa = PBXFileReference; fileEncoding = 4; lastKnownFileType = sourcecode.c.h; path = HMLauncherItem.h; sourceTree = "<group>"; };
		8312E65A14F9849000D5E279 /* HMLauncherItem.m */ = {isa = PBXFileReference; fileEncoding = 4; lastKnownFileType = sourcecode.c.objc; path = HMLauncherItem.m; sourceTree = "<group>"; };
		8312E65F14F985E900D5E279 /* LauncherViewController.h */ = {isa = PBXFileReference; fileEncoding = 4; lastKnownFileType = sourcecode.c.h; path = LauncherViewController.h; sourceTree = "<group>"; };
		8312E66014F985E900D5E279 /* LauncherViewController.m */ = {isa = PBXFileReference; fileEncoding = 4; lastKnownFileType = sourcecode.c.objc; path = LauncherViewController.m; sourceTree = "<group>"; };
		8312E66B14F98C3000D5E279 /* LauncherParentView.h */ = {isa = PBXFileReference; fileEncoding = 4; lastKnownFileType = sourcecode.c.h; path = LauncherParentView.h; sourceTree = "<group>"; };
		8312E66C14F98C3000D5E279 /* LauncherParentView.m */ = {isa = PBXFileReference; fileEncoding = 4; lastKnownFileType = sourcecode.c.objc; path = LauncherParentView.m; sourceTree = "<group>"; };
		831897C014FC3511000DA04E /* a.png */ = {isa = PBXFileReference; lastKnownFileType = image.png; name = a.png; path = LauncherViewExample/images/a.png; sourceTree = "<group>"; };
		831897C114FC3511000DA04E /* b.png */ = {isa = PBXFileReference; lastKnownFileType = image.png; name = b.png; path = LauncherViewExample/images/b.png; sourceTree = "<group>"; };
		831897C214FC3511000DA04E /* c.png */ = {isa = PBXFileReference; lastKnownFileType = image.png; name = c.png; path = LauncherViewExample/images/c.png; sourceTree = "<group>"; };
		831897C314FC3511000DA04E /* d.png */ = {isa = PBXFileReference; lastKnownFileType = image.png; name = d.png; path = LauncherViewExample/images/d.png; sourceTree = "<group>"; };
		831897C414FC3511000DA04E /* e.png */ = {isa = PBXFileReference; lastKnownFileType = image.png; name = e.png; path = LauncherViewExample/images/e.png; sourceTree = "<group>"; };
		831897C514FC3511000DA04E /* f.png */ = {isa = PBXFileReference; lastKnownFileType = image.png; name = f.png; path = LauncherViewExample/images/f.png; sourceTree = "<group>"; };
		831897C614FC3511000DA04E /* g.png */ = {isa = PBXFileReference; lastKnownFileType = image.png; name = g.png; path = LauncherViewExample/images/g.png; sourceTree = "<group>"; };
		831897C714FC3511000DA04E /* h.png */ = {isa = PBXFileReference; lastKnownFileType = image.png; name = h.png; path = LauncherViewExample/images/h.png; sourceTree = "<group>"; };
		831897C814FC3511000DA04E /* i.png */ = {isa = PBXFileReference; lastKnownFileType = image.png; name = i.png; path = LauncherViewExample/images/i.png; sourceTree = "<group>"; };
		831897C914FC3511000DA04E /* j.png */ = {isa = PBXFileReference; lastKnownFileType = image.png; name = j.png; path = LauncherViewExample/images/j.png; sourceTree = "<group>"; };
		831897CA14FC3511000DA04E /* k.png */ = {isa = PBXFileReference; lastKnownFileType = image.png; name = k.png; path = LauncherViewExample/images/k.png; sourceTree = "<group>"; };
		831897CB14FC3511000DA04E /* l.png */ = {isa = PBXFileReference; lastKnownFileType = image.png; name = l.png; path = LauncherViewExample/images/l.png; sourceTree = "<group>"; };
		831897CC14FC3511000DA04E /* m.png */ = {isa = PBXFileReference; lastKnownFileType = image.png; name = m.png; path = LauncherViewExample/images/m.png; sourceTree = "<group>"; };
		831897E414FC381F000DA04E /* Tests.octest */ = {isa = PBXFileReference; explicitFileType = wrapper.cfbundle; includeInIndex = 0; path = Tests.octest; sourceTree = BUILT_PRODUCTS_DIR; };
		831897E514FC381F000DA04E /* SenTestingKit.framework */ = {isa = PBXFileReference; lastKnownFileType = wrapper.framework; name = SenTestingKit.framework; path = Library/Frameworks/SenTestingKit.framework; sourceTree = DEVELOPER_DIR; };
		831897EB14FC381F000DA04E /* Tests-Info.plist */ = {isa = PBXFileReference; lastKnownFileType = text.plist.xml; path = "Tests-Info.plist"; sourceTree = "<group>"; };
		831897ED14FC381F000DA04E /* en */ = {isa = PBXFileReference; lastKnownFileType = text.plist.strings; name = en; path = en.lproj/InfoPlist.strings; sourceTree = "<group>"; };
		831897F214FC381F000DA04E /* Tests-Prefix.pch */ = {isa = PBXFileReference; lastKnownFileType = sourcecode.c.h; path = "Tests-Prefix.pch"; sourceTree = "<group>"; };
		831AE2AE14FABE9E00AF2AAE /* 1.png */ = {isa = PBXFileReference; lastKnownFileType = image.png; name = 1.png; path = LauncherViewExample/images/1.png; sourceTree = "<group>"; };
		831AE2AF14FABE9E00AF2AAE /* 2.png */ = {isa = PBXFileReference; lastKnownFileType = image.png; name = 2.png; path = LauncherViewExample/images/2.png; sourceTree = "<group>"; };
		831AE2B014FABE9E00AF2AAE /* 3.png */ = {isa = PBXFileReference; lastKnownFileType = image.png; name = 3.png; path = LauncherViewExample/images/3.png; sourceTree = "<group>"; };
		831AE2B114FABE9E00AF2AAE /* 4.png */ = {isa = PBXFileReference; lastKnownFileType = image.png; name = 4.png; path = LauncherViewExample/images/4.png; sourceTree = "<group>"; };
		831AE2B214FABE9E00AF2AAE /* 5.png */ = {isa = PBXFileReference; lastKnownFileType = image.png; name = 5.png; path = LauncherViewExample/images/5.png; sourceTree = "<group>"; };
		831AE2B314FABE9E00AF2AAE /* 6.png */ = {isa = PBXFileReference; lastKnownFileType = image.png; name = 6.png; path = LauncherViewExample/images/6.png; sourceTree = "<group>"; };
		831AE2B414FABE9E00AF2AAE /* 7.png */ = {isa = PBXFileReference; lastKnownFileType = image.png; name = 7.png; path = LauncherViewExample/images/7.png; sourceTree = "<group>"; };
		831AE2B514FABE9E00AF2AAE /* 8.png */ = {isa = PBXFileReference; lastKnownFileType = image.png; name = 8.png; path = LauncherViewExample/images/8.png; sourceTree = "<group>"; };
		831AE2B614FABE9E00AF2AAE /* 9.png */ = {isa = PBXFileReference; lastKnownFileType = image.png; name = 9.png; path = LauncherViewExample/images/9.png; sourceTree = "<group>"; };
		831AE2C414FADADA00AF2AAE /* 10.png */ = {isa = PBXFileReference; lastKnownFileType = image.png; name = 10.png; path = LauncherViewExample/images/10.png; sourceTree = "<group>"; };
		831AE2D614FAE0B100AF2AAE /* 11.png */ = {isa = PBXFileReference; lastKnownFileType = image.png; name = 11.png; path = LauncherViewExample/images/11.png; sourceTree = "<group>"; };
		831AE2D714FAE0B100AF2AAE /* 12.png */ = {isa = PBXFileReference; lastKnownFileType = image.png; name = 12.png; path = LauncherViewExample/images/12.png; sourceTree = "<group>"; };
		831AE2D814FAE0B100AF2AAE /* 13.png */ = {isa = PBXFileReference; lastKnownFileType = image.png; name = 13.png; path = LauncherViewExample/images/13.png; sourceTree = "<group>"; };
		831AE2D914FAE0B100AF2AAE /* 14.png */ = {isa = PBXFileReference; lastKnownFileType = image.png; name = 14.png; path = LauncherViewExample/images/14.png; sourceTree = "<group>"; };
		8370B4C814FC4124006AAFAC /* HMLauncherDataTest.h */ = {isa = PBXFileReference; fileEncoding = 4; lastKnownFileType = sourcecode.c.h; path = HMLauncherDataTest.h; sourceTree = "<group>"; };
		8370B4C914FC4124006AAFAC /* HMLauncherDataTest.m */ = {isa = PBXFileReference; fileEncoding = 4; lastKnownFileType = sourcecode.c.objc; path = HMLauncherDataTest.m; sourceTree = "<group>"; };
		83D409FA14574C61004CEDE0 /* LauncherViewExample.app */ = {isa = PBXFileReference; explicitFileType = wrapper.application; includeInIndex = 0; path = LauncherViewExample.app; sourceTree = BUILT_PRODUCTS_DIR; };
		83D409FE14574C61004CEDE0 /* UIKit.framework */ = {isa = PBXFileReference; lastKnownFileType = wrapper.framework; name = UIKit.framework; path = System/Library/Frameworks/UIKit.framework; sourceTree = SDKROOT; };
		83D40A0014574C61004CEDE0 /* Foundation.framework */ = {isa = PBXFileReference; lastKnownFileType = wrapper.framework; name = Foundation.framework; path = System/Library/Frameworks/Foundation.framework; sourceTree = SDKROOT; };
		83D40A0214574C61004CEDE0 /* CoreGraphics.framework */ = {isa = PBXFileReference; lastKnownFileType = wrapper.framework; name = CoreGraphics.framework; path = System/Library/Frameworks/CoreGraphics.framework; sourceTree = SDKROOT; };
		83D40A0614574C61004CEDE0 /* LauncherViewExample-Info.plist */ = {isa = PBXFileReference; lastKnownFileType = text.plist.xml; path = "LauncherViewExample-Info.plist"; sourceTree = "<group>"; };
		83D40A0814574C61004CEDE0 /* en */ = {isa = PBXFileReference; lastKnownFileType = text.plist.strings; name = en; path = en.lproj/InfoPlist.strings; sourceTree = "<group>"; };
		83D40A0A14574C61004CEDE0 /* main.m */ = {isa = PBXFileReference; lastKnownFileType = sourcecode.c.objc; path = main.m; sourceTree = "<group>"; };
		83D40A0C14574C61004CEDE0 /* LauncherViewExample-Prefix.pch */ = {isa = PBXFileReference; lastKnownFileType = sourcecode.c.h; path = "LauncherViewExample-Prefix.pch"; sourceTree = "<group>"; };
		83D40A0D14574C61004CEDE0 /* AppDelegate.h */ = {isa = PBXFileReference; lastKnownFileType = sourcecode.c.h; path = AppDelegate.h; sourceTree = "<group>"; };
		83D40A0E14574C61004CEDE0 /* AppDelegate.m */ = {isa = PBXFileReference; lastKnownFileType = sourcecode.c.objc; path = AppDelegate.m; sourceTree = "<group>"; };
		83D40A1B14574D96004CEDE0 /* HMLauncherView.h */ = {isa = PBXFileReference; fileEncoding = 4; lastKnownFileType = sourcecode.c.h; path = HMLauncherView.h; sourceTree = "<group>"; };
		83D40A1C14574D96004CEDE0 /* HMLauncherView.m */ = {isa = PBXFileReference; fileEncoding = 4; lastKnownFileType = sourcecode.c.objc; path = HMLauncherView.m; sourceTree = "<group>"; };
		83D40A1F14574EE9004CEDE0 /* HMLauncherIcon.h */ = {isa = PBXFileReference; fileEncoding = 4; lastKnownFileType = sourcecode.c.h; path = HMLauncherIcon.h; sourceTree = "<group>"; };
		83D40A2014574EE9004CEDE0 /* HMLauncherIcon.m */ = {isa = PBXFileReference; fileEncoding = 4; lastKnownFileType = sourcecode.c.objc; path = HMLauncherIcon.m; sourceTree = "<group>"; };
		83D40A251457600C004CEDE0 /* HMLauncherDataSource.h */ = {isa = PBXFileReference; fileEncoding = 4; lastKnownFileType = sourcecode.c.h; path = HMLauncherDataSource.h; sourceTree = "<group>"; };
/* End PBXFileReference section */

/* Begin PBXFrameworksBuildPhase section */
		831897E014FC381F000DA04E /* Frameworks */ = {
			isa = PBXFrameworksBuildPhase;
			buildActionMask = 2147483647;
			files = (
				8370B4C614FC3D3E006AAFAC /* CoreGraphics.framework in Frameworks */,
				831897E614FC381F000DA04E /* SenTestingKit.framework in Frameworks */,
				831897E714FC381F000DA04E /* UIKit.framework in Frameworks */,
				831897E814FC381F000DA04E /* Foundation.framework in Frameworks */,
			);
			runOnlyForDeploymentPostprocessing = 0;
		};
		83D409F714574C61004CEDE0 /* Frameworks */ = {
			isa = PBXFrameworksBuildPhase;
			buildActionMask = 2147483647;
			files = (
				83D409FF14574C61004CEDE0 /* UIKit.framework in Frameworks */,
				83D40A0114574C61004CEDE0 /* Foundation.framework in Frameworks */,
				83D40A0314574C61004CEDE0 /* CoreGraphics.framework in Frameworks */,
			);
			runOnlyForDeploymentPostprocessing = 0;
		};
/* End PBXFrameworksBuildPhase section */

/* Begin PBXGroup section */
		8312E65514F97E7D00D5E279 /* HMLauncherView */ = {
			isa = PBXGroup;
			children = (
				83D40A1F14574EE9004CEDE0 /* HMLauncherIcon.h */,
				83D40A2014574EE9004CEDE0 /* HMLauncherIcon.m */,
				83D40A251457600C004CEDE0 /* HMLauncherDataSource.h */,
				8312E65014F9797B00D5E279 /* HMLauncherViewDelegate.h */,
				83D40A1B14574D96004CEDE0 /* HMLauncherView.h */,
				83D40A1C14574D96004CEDE0 /* HMLauncherView.m */,
				8312E65214F97A8300D5E279 /* HMLauncherData.h */,
				8312E65314F97A8300D5E279 /* HMLauncherData.m */,
				8312E65914F9849000D5E279 /* HMLauncherItem.h */,
				8312E65A14F9849000D5E279 /* HMLauncherItem.m */,
			);
			name = HMLauncherView;
			path = LauncherViewExample;
			sourceTree = "<group>";
		};
		831897E914FC381F000DA04E /* Tests */ = {
			isa = PBXGroup;
			children = (
				831897EA14FC381F000DA04E /* Supporting Files */,
				8370B4C814FC4124006AAFAC /* HMLauncherDataTest.h */,
				8370B4C914FC4124006AAFAC /* HMLauncherDataTest.m */,
			);
			name = Tests;
			path = ../Tests;
			sourceTree = "<group>";
		};
		831897EA14FC381F000DA04E /* Supporting Files */ = {
			isa = PBXGroup;
			children = (
				831897EB14FC381F000DA04E /* Tests-Info.plist */,
				831897EC14FC381F000DA04E /* InfoPlist.strings */,
				831897F214FC381F000DA04E /* Tests-Prefix.pch */,
			);
			name = "Supporting Files";
			sourceTree = "<group>";
		};
		831AE2AD14FABE8900AF2AAE /* Images */ = {
			isa = PBXGroup;
			children = (
				8312C76714FA5F8B0033F238 /* icon_border_bold_dark.png */,
				8312C76814FA5F8B0033F238 /* icon_border_bold_light.png */,
				831897C014FC3511000DA04E /* a.png */,
				831897C114FC3511000DA04E /* b.png */,
				831897C214FC3511000DA04E /* c.png */,
				831897C314FC3511000DA04E /* d.png */,
				831897C414FC3511000DA04E /* e.png */,
				831897C514FC3511000DA04E /* f.png */,
				831897C614FC3511000DA04E /* g.png */,
				831897C714FC3511000DA04E /* h.png */,
				831897C814FC3511000DA04E /* i.png */,
				831897C914FC3511000DA04E /* j.png */,
				831897CA14FC3511000DA04E /* k.png */,
				831897CB14FC3511000DA04E /* l.png */,
				831897CC14FC3511000DA04E /* m.png */,
				831AE2D614FAE0B100AF2AAE /* 11.png */,
				831AE2D714FAE0B100AF2AAE /* 12.png */,
				831AE2D814FAE0B100AF2AAE /* 13.png */,
				831AE2D914FAE0B100AF2AAE /* 14.png */,
				831AE2C414FADADA00AF2AAE /* 10.png */,
				831AE2AE14FABE9E00AF2AAE /* 1.png */,
				831AE2AF14FABE9E00AF2AAE /* 2.png */,
				831AE2B014FABE9E00AF2AAE /* 3.png */,
				831AE2B114FABE9E00AF2AAE /* 4.png */,
				831AE2B214FABE9E00AF2AAE /* 5.png */,
				831AE2B314FABE9E00AF2AAE /* 6.png */,
				831AE2B414FABE9E00AF2AAE /* 7.png */,
				831AE2B514FABE9E00AF2AAE /* 8.png */,
				831AE2B614FABE9E00AF2AAE /* 9.png */,
			);
			name = Images;
			path = ..;
			sourceTree = "<group>";
		};
		83D409EF14574C61004CEDE0 = {
			isa = PBXGroup;
			children = (
				8312E65514F97E7D00D5E279 /* HMLauncherView */,
				83D40A0414574C61004CEDE0 /* Example */,
				83D409FD14574C61004CEDE0 /* Frameworks */,
				83D409FB14574C61004CEDE0 /* Products */,
			);
			sourceTree = "<group>";
		};
		83D409FB14574C61004CEDE0 /* Products */ = {
			isa = PBXGroup;
			children = (
				83D409FA14574C61004CEDE0 /* LauncherViewExample.app */,
				831897E414FC381F000DA04E /* Tests.octest */,
			);
			name = Products;
			sourceTree = "<group>";
		};
		83D409FD14574C61004CEDE0 /* Frameworks */ = {
			isa = PBXGroup;
			children = (
				83D409FE14574C61004CEDE0 /* UIKit.framework */,
				83D40A0014574C61004CEDE0 /* Foundation.framework */,
				83D40A0214574C61004CEDE0 /* CoreGraphics.framework */,
				831897E514FC381F000DA04E /* SenTestingKit.framework */,
			);
			name = Frameworks;
			sourceTree = "<group>";
		};
		83D40A0414574C61004CEDE0 /* Example */ = {
			isa = PBXGroup;
			children = (
				831897E914FC381F000DA04E /* Tests */,
				831AE2AD14FABE8900AF2AAE /* Images */,
				83D40A0514574C61004CEDE0 /* Supporting Files */,
				83D40A0D14574C61004CEDE0 /* AppDelegate.h */,
				83D40A0E14574C61004CEDE0 /* AppDelegate.m */,
				8312E65614F97EF900D5E279 /* LauncherService.h */,
				8312E65714F97EF900D5E279 /* LauncherService.m */,
				8312E65F14F985E900D5E279 /* LauncherViewController.h */,
				8312E66014F985E900D5E279 /* LauncherViewController.m */,
				8312E66B14F98C3000D5E279 /* LauncherParentView.h */,
				8312E66C14F98C3000D5E279 /* LauncherParentView.m */,
			);
			name = Example;
			path = LauncherViewExample;
			sourceTree = "<group>";
		};
		83D40A0514574C61004CEDE0 /* Supporting Files */ = {
			isa = PBXGroup;
			children = (
				83D40A0614574C61004CEDE0 /* LauncherViewExample-Info.plist */,
				83D40A0714574C61004CEDE0 /* InfoPlist.strings */,
				83D40A0A14574C61004CEDE0 /* main.m */,
				83D40A0C14574C61004CEDE0 /* LauncherViewExample-Prefix.pch */,
			);
			name = "Supporting Files";
			sourceTree = "<group>";
		};
/* End PBXGroup section */

/* Begin PBXNativeTarget section */
		831897E314FC381F000DA04E /* Tests */ = {
			isa = PBXNativeTarget;
			buildConfigurationList = 831897F314FC381F000DA04E /* Build configuration list for PBXNativeTarget "Tests" */;
			buildPhases = (
				831897DF14FC381F000DA04E /* Sources */,
				831897E014FC381F000DA04E /* Frameworks */,
				831897E114FC381F000DA04E /* Resources */,
				831897E214FC381F000DA04E /* ShellScript */,
			);
			buildRules = (
			);
			dependencies = (
				8370B4CD14FC42AA006AAFAC /* PBXTargetDependency */,
			);
			name = Tests;
			productName = Tests;
			productReference = 831897E414FC381F000DA04E /* Tests.octest */;
			productType = "com.apple.product-type.bundle";
		};
		83D409F914574C61004CEDE0 /* LauncherViewExample */ = {
			isa = PBXNativeTarget;
			buildConfigurationList = 83D40A1814574C61004CEDE0 /* Build configuration list for PBXNativeTarget "LauncherViewExample" */;
			buildPhases = (
				83D409F614574C61004CEDE0 /* Sources */,
				83D409F714574C61004CEDE0 /* Frameworks */,
				83D409F814574C61004CEDE0 /* Resources */,
			);
			buildRules = (
			);
			dependencies = (
			);
			name = LauncherViewExample;
			productName = LauncherViewExample;
			productReference = 83D409FA14574C61004CEDE0 /* LauncherViewExample.app */;
			productType = "com.apple.product-type.application";
		};
/* End PBXNativeTarget section */

/* Begin PBXProject section */
		83D409F114574C61004CEDE0 /* Project object */ = {
			isa = PBXProject;
			attributes = {
				LastUpgradeCheck = 0420;
				ORGANIZATIONNAME = "Heiko Maass";
			};
			buildConfigurationList = 83D409F414574C61004CEDE0 /* Build configuration list for PBXProject "LauncherViewExample" */;
			compatibilityVersion = "Xcode 3.2";
			developmentRegion = English;
			hasScannedForEncodings = 0;
			knownRegions = (
				en,
			);
			mainGroup = 83D409EF14574C61004CEDE0;
			productRefGroup = 83D409FB14574C61004CEDE0 /* Products */;
			projectDirPath = "";
			projectRoot = "";
			targets = (
				83D409F914574C61004CEDE0 /* LauncherViewExample */,
				831897E314FC381F000DA04E /* Tests */,
			);
		};
/* End PBXProject section */

/* Begin PBXResourcesBuildPhase section */
		831897E114FC381F000DA04E /* Resources */ = {
			isa = PBXResourcesBuildPhase;
			buildActionMask = 2147483647;
			files = (
				8370B4CE14FC450C006AAFAC /* icon_border_bold_dark.png in Resources */,
				8370B4CF14FC450C006AAFAC /* icon_border_bold_light.png in Resources */,
				8370B4C714FC3DFD006AAFAC /* 1.png in Resources */,
				831897EE14FC381F000DA04E /* InfoPlist.strings in Resources */,
			);
			runOnlyForDeploymentPostprocessing = 0;
		};
		83D409F814574C61004CEDE0 /* Resources */ = {
			isa = PBXResourcesBuildPhase;
			buildActionMask = 2147483647;
			files = (
				83D40A0914574C61004CEDE0 /* InfoPlist.strings in Resources */,
				8312C76914FA5F8B0033F238 /* icon_border_bold_dark.png in Resources */,
				8312C76A14FA5F8B0033F238 /* icon_border_bold_light.png in Resources */,
				831AE2B714FABE9E00AF2AAE /* 1.png in Resources */,
				831AE2B814FABE9E00AF2AAE /* 2.png in Resources */,
				831AE2B914FABE9E00AF2AAE /* 3.png in Resources */,
				831AE2BA14FABE9E00AF2AAE /* 4.png in Resources */,
				831AE2BB14FABE9E00AF2AAE /* 5.png in Resources */,
				831AE2BC14FABE9E00AF2AAE /* 6.png in Resources */,
				831AE2BD14FABE9E00AF2AAE /* 7.png in Resources */,
				831AE2BE14FABE9E00AF2AAE /* 8.png in Resources */,
				831AE2BF14FABE9E00AF2AAE /* 9.png in Resources */,
				831AE2C514FADADA00AF2AAE /* 10.png in Resources */,
				831AE2DA14FAE0B100AF2AAE /* 11.png in Resources */,
				831AE2DB14FAE0B100AF2AAE /* 12.png in Resources */,
				831AE2DC14FAE0B100AF2AAE /* 13.png in Resources */,
				831AE2DD14FAE0B100AF2AAE /* 14.png in Resources */,
				831897CD14FC3511000DA04E /* a.png in Resources */,
				831897CE14FC3511000DA04E /* b.png in Resources */,
				831897CF14FC3511000DA04E /* c.png in Resources */,
				831897D014FC3511000DA04E /* d.png in Resources */,
				831897D114FC3511000DA04E /* e.png in Resources */,
				831897D214FC3511000DA04E /* f.png in Resources */,
				831897D314FC3511000DA04E /* g.png in Resources */,
				831897D414FC3511000DA04E /* h.png in Resources */,
				831897D514FC3511000DA04E /* i.png in Resources */,
				831897D614FC3511000DA04E /* j.png in Resources */,
				831897D714FC3511000DA04E /* k.png in Resources */,
				831897D814FC3511000DA04E /* l.png in Resources */,
				831897D914FC3511000DA04E /* m.png in Resources */,
			);
			runOnlyForDeploymentPostprocessing = 0;
		};
/* End PBXResourcesBuildPhase section */

/* Begin PBXShellScriptBuildPhase section */
		831897E214FC381F000DA04E /* ShellScript */ = {
			isa = PBXShellScriptBuildPhase;
			buildActionMask = 2147483647;
			files = (
			);
			inputPaths = (
			);
			outputPaths = (
			);
			runOnlyForDeploymentPostprocessing = 0;
			shellPath = /bin/sh;
			shellScript = "# Run the unit tests in this test bundle.\n\"${SYSTEM_DEVELOPER_DIR}/Tools/RunUnitTests\"\n";
		};
/* End PBXShellScriptBuildPhase section */

/* Begin PBXSourcesBuildPhase section */
		831897DF14FC381F000DA04E /* Sources */ = {
			isa = PBXSourcesBuildPhase;
			buildActionMask = 2147483647;
			files = (
				8370B4CB14FC4141006AAFAC /* HMLauncherDataTest.m in Sources */,
				8370B4C114FC3D2D006AAFAC /* HMLauncherIcon.m in Sources */,
				8370B4C214FC3D2D006AAFAC /* HMLauncherView.m in Sources */,
				8370B4C314FC3D2D006AAFAC /* HMLauncherData.m in Sources */,
				8370B4C414FC3D2D006AAFAC /* HMLauncherItem.m in Sources */,
			);
			runOnlyForDeploymentPostprocessing = 0;
		};
		83D409F614574C61004CEDE0 /* Sources */ = {
			isa = PBXSourcesBuildPhase;
			buildActionMask = 2147483647;
			files = (
				83D40A0B14574C61004CEDE0 /* main.m in Sources */,
				83D40A0F14574C61004CEDE0 /* AppDelegate.m in Sources */,
				83D40A1D14574D96004CEDE0 /* HMLauncherView.m in Sources */,
				83D40A2114574EE9004CEDE0 /* HMLauncherIcon.m in Sources */,
				8312E65414F97A8300D5E279 /* HMLauncherData.m in Sources */,
				8312E65814F97EF900D5E279 /* LauncherService.m in Sources */,
				8312E65B14F9849000D5E279 /* HMLauncherItem.m in Sources */,
				8312E66114F985E900D5E279 /* LauncherViewController.m in Sources */,
				8312E66D14F98C3000D5E279 /* LauncherParentView.m in Sources */,
			);
			runOnlyForDeploymentPostprocessing = 0;
		};
/* End PBXSourcesBuildPhase section */

/* Begin PBXTargetDependency section */
		8370B4CD14FC42AA006AAFAC /* PBXTargetDependency */ = {
			isa = PBXTargetDependency;
			target = 83D409F914574C61004CEDE0 /* LauncherViewExample */;
			targetProxy = 8370B4CC14FC42AA006AAFAC /* PBXContainerItemProxy */;
		};
/* End PBXTargetDependency section */

/* Begin PBXVariantGroup section */
		831897EC14FC381F000DA04E /* InfoPlist.strings */ = {
			isa = PBXVariantGroup;
			children = (
				831897ED14FC381F000DA04E /* en */,
			);
			name = InfoPlist.strings;
			sourceTree = "<group>";
		};
		83D40A0714574C61004CEDE0 /* InfoPlist.strings */ = {
			isa = PBXVariantGroup;
			children = (
				83D40A0814574C61004CEDE0 /* en */,
			);
			name = InfoPlist.strings;
			sourceTree = "<group>";
		};
/* End PBXVariantGroup section */

/* Begin XCBuildConfiguration section */
		831897F414FC381F000DA04E /* Debug */ = {
			isa = XCBuildConfiguration;
			buildSettings = {
				BUNDLE_LOADER = "$(BUILT_PRODUCTS_DIR)/LauncherViewExample.app/LauncherViewExample";
				FRAMEWORK_SEARCH_PATHS = (
					"$(SDKROOT)/Developer/Library/Frameworks",
					"$(DEVELOPER_LIBRARY_DIR)/Frameworks",
				);
				GCC_PRECOMPILE_PREFIX_HEADER = YES;
				GCC_PREFIX_HEADER = "Tests/Tests-Prefix.pch";
				INFOPLIST_FILE = "Tests/Tests-Info.plist";
				PRODUCT_NAME = "$(TARGET_NAME)";
				TEST_HOST = "$(BUNDLE_LOADER)";
				WRAPPER_EXTENSION = octest;
			};
			name = Debug;
		};
		831897F514FC381F000DA04E /* Release */ = {
			isa = XCBuildConfiguration;
			buildSettings = {
				BUNDLE_LOADER = "$(BUILT_PRODUCTS_DIR)/LauncherViewExample.app/LauncherViewExample";
				FRAMEWORK_SEARCH_PATHS = (
					"$(SDKROOT)/Developer/Library/Frameworks",
					"$(DEVELOPER_LIBRARY_DIR)/Frameworks",
				);
				GCC_PRECOMPILE_PREFIX_HEADER = YES;
				GCC_PREFIX_HEADER = "Tests/Tests-Prefix.pch";
				INFOPLIST_FILE = "Tests/Tests-Info.plist";
				PRODUCT_NAME = "$(TARGET_NAME)";
				TEST_HOST = "$(BUNDLE_LOADER)";
				WRAPPER_EXTENSION = octest;
			};
			name = Release;
		};
		83D40A1614574C61004CEDE0 /* Debug */ = {
			isa = XCBuildConfiguration;
			buildSettings = {
				ALWAYS_SEARCH_USER_PATHS = NO;
				ARCHS = "$(ARCHS_STANDARD_32_BIT)";
				"CODE_SIGN_IDENTITY[sdk=iphoneos*]" = "iPhone Developer";
				COPY_PHASE_STRIP = NO;
				GCC_C_LANGUAGE_STANDARD = gnu99;
				GCC_DYNAMIC_NO_PIC = NO;
				GCC_OPTIMIZATION_LEVEL = 0;
				GCC_PREPROCESSOR_DEFINITIONS = (
					"DEBUG=1",
					"$(inherited)",
				);
				GCC_SYMBOLS_PRIVATE_EXTERN = NO;
				GCC_VERSION = com.apple.compilers.llvm.clang.1_0;
				GCC_WARN_ABOUT_MISSING_PROTOTYPES = YES;
				GCC_WARN_ABOUT_RETURN_TYPE = YES;
				GCC_WARN_UNUSED_VARIABLE = YES;
				IPHONEOS_DEPLOYMENT_TARGET = 5.0;
				SDKROOT = iphoneos;
			};
			name = Debug;
		};
		83D40A1714574C61004CEDE0 /* Release */ = {
			isa = XCBuildConfiguration;
			buildSettings = {
				ALWAYS_SEARCH_USER_PATHS = NO;
				ARCHS = "$(ARCHS_STANDARD_32_BIT)";
				"CODE_SIGN_IDENTITY[sdk=iphoneos*]" = "iPhone Developer";
				COPY_PHASE_STRIP = YES;
				GCC_C_LANGUAGE_STANDARD = gnu99;
				GCC_VERSION = com.apple.compilers.llvm.clang.1_0;
				GCC_WARN_ABOUT_MISSING_PROTOTYPES = YES;
				GCC_WARN_ABOUT_RETURN_TYPE = YES;
				GCC_WARN_UNUSED_VARIABLE = YES;
				IPHONEOS_DEPLOYMENT_TARGET = 5.0;
				OTHER_CFLAGS = "-DNS_BLOCK_ASSERTIONS=1";
				SDKROOT = iphoneos;
				VALIDATE_PRODUCT = YES;
			};
			name = Release;
		};
		83D40A1914574C61004CEDE0 /* Debug */ = {
			isa = XCBuildConfiguration;
			buildSettings = {
				GCC_PRECOMPILE_PREFIX_HEADER = YES;
				GCC_PREFIX_HEADER = "LauncherViewExample/LauncherViewExample-Prefix.pch";
				INFOPLIST_FILE = "LauncherViewExample/LauncherViewExample-Info.plist";
				IPHONEOS_DEPLOYMENT_TARGET = 5.0;
				PRODUCT_NAME = "$(TARGET_NAME)";
				TARGETED_DEVICE_FAMILY = 2;
				WRAPPER_EXTENSION = app;
			};
			name = Debug;
		};
		83D40A1A14574C61004CEDE0 /* Release */ = {
			isa = XCBuildConfiguration;
			buildSettings = {
				GCC_PRECOMPILE_PREFIX_HEADER = YES;
				GCC_PREFIX_HEADER = "LauncherViewExample/LauncherViewExample-Prefix.pch";
				INFOPLIST_FILE = "LauncherViewExample/LauncherViewExample-Info.plist";
				IPHONEOS_DEPLOYMENT_TARGET = 5.0;
				PRODUCT_NAME = "$(TARGET_NAME)";
				TARGETED_DEVICE_FAMILY = 2;
				WRAPPER_EXTENSION = app;
			};
			name = Release;
		};
/* End XCBuildConfiguration section */

/* Begin XCConfigurationList section */
		831897F314FC381F000DA04E /* Build configuration list for PBXNativeTarget "Tests" */ = {
			isa = XCConfigurationList;
			buildConfigurations = (
				831897F414FC381F000DA04E /* Debug */,
				831897F514FC381F000DA04E /* Release */,
			);
			defaultConfigurationIsVisible = 0;
			defaultConfigurationName = Release;
		};
		83D409F414574C61004CEDE0 /* Build configuration list for PBXProject "LauncherViewExample" */ = {
			isa = XCConfigurationList;
			buildConfigurations = (
				83D40A1614574C61004CEDE0 /* Debug */,
				83D40A1714574C61004CEDE0 /* Release */,
			);
			defaultConfigurationIsVisible = 0;
			defaultConfigurationName = Release;
		};
		83D40A1814574C61004CEDE0 /* Build configuration list for PBXNativeTarget "LauncherViewExample" */ = {
			isa = XCConfigurationList;
			buildConfigurations = (
				83D40A1914574C61004CEDE0 /* Debug */,
				83D40A1A14574C61004CEDE0 /* Release */,
			);
			defaultConfigurationIsVisible = 0;
			defaultConfigurationName = Release;
		};
/* End XCConfigurationList section */
	};
	rootObject = 83D409F114574C61004CEDE0 /* Project object */;
}
